
Microsoft Visual Studio Solution File, Format Version 12.00
# Visual Studio Version 17
VisualStudioVersion = 17.11.35219.272
MinimumVisualStudioVersion = 10.0.40219.1
Project("{FAE04EC0-301F-11D3-BF4B-00C04F79EFBC}") = "shop-app.Server", "shop-app.Server\shop-app.Server.csproj", "{D08B3B05-185D-47EA-B188-1E0E7C4D3333}"
EndProject
Project("{54A90642-561A-4BB1-A94E-469ADEE60C69}") = "shop-app.client", "shop-app.client\shop-app.client.esproj", "{AB4200AD-25CC-4C7D-BEA1-87D2B2BA1D33}"
EndProject
Global
	GlobalSection(SolutionConfigurationPlatforms) = preSolution
		Debug|Any CPU = Debug|Any CPU
		Release|Any CPU = Release|Any CPU
	EndGlobalSection
	GlobalSection(ProjectConfigurationPlatforms) = postSolution
		{D08B3B05-185D-47EA-B188-1E0E7C4D3333}.Debug|Any CPU.ActiveCfg = Debug|Any CPU
		{D08B3B05-185D-47EA-B188-1E0E7C4D3333}.Debug|Any CPU.Build.0 = Debug|Any CPU
		{D08B3B05-185D-47EA-B188-1E0E7C4D3333}.Release|Any CPU.ActiveCfg = Release|Any CPU
		{D08B3B05-185D-47EA-B188-1E0E7C4D3333}.Release|Any CPU.Build.0 = Release|Any CPU
		{AB4200AD-25CC-4C7D-BEA1-87D2B2BA1D33}.Debug|Any CPU.ActiveCfg = Debug|Any CPU
		{AB4200AD-25CC-4C7D-BEA1-87D2B2BA1D33}.Debug|Any CPU.Build.0 = Debug|Any CPU
		{AB4200AD-25CC-4C7D-BEA1-87D2B2BA1D33}.Debug|Any CPU.Deploy.0 = Debug|Any CPU
		{AB4200AD-25CC-4C7D-BEA1-87D2B2BA1D33}.Release|Any CPU.ActiveCfg = Release|Any CPU
		{AB4200AD-25CC-4C7D-BEA1-87D2B2BA1D33}.Release|Any CPU.Build.0 = Release|Any CPU
		{AB4200AD-25CC-4C7D-BEA1-87D2B2BA1D33}.Release|Any CPU.Deploy.0 = Release|Any CPU
	EndGlobalSection
	GlobalSection(SolutionProperties) = preSolution
		HideSolutionNode = FALSE
	EndGlobalSection
	GlobalSection(ExtensibilityGlobals) = postSolution
		SolutionGuid = {9B1ADB54-4DBE-425F-810C-B3EA5931DCC2}
	EndGlobalSection
EndGlobal
